
Microsoft Visual Studio Solution File, Format Version 12.00
# Visual Studio 14
VisualStudioVersion = 14.0.25420.1
MinimumVisualStudioVersion = 10.0.40219.1
Project("{FAE04EC0-301F-11D3-BF4B-00C04F79EFBC}") = "AtvdShop.Common", "AtvdShop.Common\AtvdShop.Common.csproj", "{152C9FEC-2C77-42DF-B7D7-63458FDEDF0A}"
EndProject
Project("{FAE04EC0-301F-11D3-BF4B-00C04F79EFBC}") = "AtvdShop.Data", "AtvdShop.Data\AtvdShop.Data.csproj", "{2267E618-36D6-494D-847B-AE74F2792764}"
EndProject
Project("{FAE04EC0-301F-11D3-BF4B-00C04F79EFBC}") = "AtvdShop.Service", "AtvdShop.Service\AtvdShop.Service.csproj", "{3C2F8C7F-85E6-4255-AF95-F161385B1855}"
EndProject
Project("{FAE04EC0-301F-11D3-BF4B-00C04F79EFBC}") = "AtvdShop.Model", "AtvdShop.Model\AtvdShop.Model.csproj", "{D82451B2-BA6C-45CB-8C4F-63B4AF5B58FB}"
EndProject
Project("{FAE04EC0-301F-11D3-BF4B-00C04F79EFBC}") = "AtvdShop.UnitTest", "AtvdShop.UnitTest\AtvdShop.UnitTest.csproj", "{75763001-C863-400C-AEEB-EED64ED7A3B2}"
EndProject
Project("{FAE04EC0-301F-11D3-BF4B-00C04F79EFBC}") = "AtvdShop.Web", "AtvdShop.Web\AtvdShop.Web.csproj", "{6FD9952D-F87F-49F3-AABA-429D6377E69F}"
EndProject
Global
	GlobalSection(SolutionConfigurationPlatforms) = preSolution
		Debug|Any CPU = Debug|Any CPU
		Release|Any CPU = Release|Any CPU
	EndGlobalSection
	GlobalSection(ProjectConfigurationPlatforms) = postSolution
		{152C9FEC-2C77-42DF-B7D7-63458FDEDF0A}.Debug|Any CPU.ActiveCfg = Debug|Any CPU
		{152C9FEC-2C77-42DF-B7D7-63458FDEDF0A}.Debug|Any CPU.Build.0 = Debug|Any CPU
		{152C9FEC-2C77-42DF-B7D7-63458FDEDF0A}.Release|Any CPU.ActiveCfg = Release|Any CPU
		{152C9FEC-2C77-42DF-B7D7-63458FDEDF0A}.Release|Any CPU.Build.0 = Release|Any CPU
		{2267E618-36D6-494D-847B-AE74F2792764}.Debug|Any CPU.ActiveCfg = Debug|Any CPU
		{2267E618-36D6-494D-847B-AE74F2792764}.Debug|Any CPU.Build.0 = Debug|Any CPU
		{2267E618-36D6-494D-847B-AE74F2792764}.Release|Any CPU.ActiveCfg = Release|Any CPU
		{2267E618-36D6-494D-847B-AE74F2792764}.Release|Any CPU.Build.0 = Release|Any CPU
		{3C2F8C7F-85E6-4255-AF95-F161385B1855}.Debug|Any CPU.ActiveCfg = Debug|Any CPU
		{3C2F8C7F-85E6-4255-AF95-F161385B1855}.Debug|Any CPU.Build.0 = Debug|Any CPU
		{3C2F8C7F-85E6-4255-AF95-F161385B1855}.Release|Any CPU.ActiveCfg = Release|Any CPU
		{3C2F8C7F-85E6-4255-AF95-F161385B1855}.Release|Any CPU.Build.0 = Release|Any CPU
		{D82451B2-BA6C-45CB-8C4F-63B4AF5B58FB}.Debug|Any CPU.ActiveCfg = Debug|Any CPU
		{D82451B2-BA6C-45CB-8C4F-63B4AF5B58FB}.Debug|Any CPU.Build.0 = Debug|Any CPU
		{D82451B2-BA6C-45CB-8C4F-63B4AF5B58FB}.Release|Any CPU.ActiveCfg = Release|Any CPU
		{D82451B2-BA6C-45CB-8C4F-63B4AF5B58FB}.Release|Any CPU.Build.0 = Release|Any CPU
		{75763001-C863-400C-AEEB-EED64ED7A3B2}.Debug|Any CPU.ActiveCfg = Debug|Any CPU
		{75763001-C863-400C-AEEB-EED64ED7A3B2}.Debug|Any CPU.Build.0 = Debug|Any CPU
		{75763001-C863-400C-AEEB-EED64ED7A3B2}.Release|Any CPU.ActiveCfg = Release|Any CPU
		{75763001-C863-400C-AEEB-EED64ED7A3B2}.Release|Any CPU.Build.0 = Release|Any CPU
		{6FD9952D-F87F-49F3-AABA-429D6377E69F}.Debug|Any CPU.ActiveCfg = Debug|Any CPU
		{6FD9952D-F87F-49F3-AABA-429D6377E69F}.Debug|Any CPU.Build.0 = Debug|Any CPU
		{6FD9952D-F87F-49F3-AABA-429D6377E69F}.Release|Any CPU.ActiveCfg = Release|Any CPU
		{6FD9952D-F87F-49F3-AABA-429D6377E69F}.Release|Any CPU.Build.0 = Release|Any CPU
	EndGlobalSection
	GlobalSection(SolutionProperties) = preSolution
		HideSolutionNode = FALSE
	EndGlobalSection
EndGlobal
